// !$*UTF8*$!
{
	archiveVersion = 1;
	classes = {
	};
	objectVersion = 46;
	objects = {

/* Begin PBXBuildFile section */
		46EB985A1C92AD6E00E47C86 /* main.m in Sources */ = {isa = PBXBuildFile; fileRef = 46EB98591C92AD6E00E47C86 /* main.m */; };
		46EB985D1C92AD6E00E47C86 /* AppDelegate.m in Sources */ = {isa = PBXBuildFile; fileRef = 46EB985C1C92AD6E00E47C86 /* AppDelegate.m */; };
		46EB98601C92AD6E00E47C86 /* ViewController.m in Sources */ = {isa = PBXBuildFile; fileRef = 46EB985F1C92AD6E00E47C86 /* ViewController.m */; };
		46EB98631C92AD6E00E47C86 /* Main.storyboard in Resources */ = {isa = PBXBuildFile; fileRef = 46EB98611C92AD6E00E47C86 /* Main.storyboard */; };
		46EB98651C92AD6E00E47C86 /* Assets.xcassets in Resources */ = {isa = PBXBuildFile; fileRef = 46EB98641C92AD6E00E47C86 /* Assets.xcassets */; };
		46EB98681C92AD6E00E47C86 /* LaunchScreen.storyboard in Resources */ = {isa = PBXBuildFile; fileRef = 46EB98661C92AD6E00E47C86 /* LaunchScreen.storyboard */; };
		46EB98731C92AD6E00E47C86 /* zToolkitTests.m in Sources */ = {isa = PBXBuildFile; fileRef = 46EB98721C92AD6E00E47C86 /* zToolkitTests.m */; };
		46EB98811C92AEAA00E47C86 /* NSDate+zToolkit.m in Sources */ = {isa = PBXBuildFile; fileRef = 46EB98801C92AEAA00E47C86 /* NSDate+zToolkit.m */; };
		46F946301C92BD6B00D78194 /* zToolkitNSDateTests.m in Sources */ = {isa = PBXBuildFile; fileRef = 46F9462F1C92BD6B00D78194 /* zToolkitNSDateTests.m */; };
/* End PBXBuildFile section */

/* Begin PBXContainerItemProxy section */
		46EB986F1C92AD6E00E47C86 /* PBXContainerItemProxy */ = {
			isa = PBXContainerItemProxy;
			containerPortal = 46EB984D1C92AD6E00E47C86 /* Project object */;
			proxyType = 1;
			remoteGlobalIDString = 46EB98541C92AD6E00E47C86;
			remoteInfo = zToolkit;
		};
/* End PBXContainerItemProxy section */

/* Begin PBXFileReference section */
		46EB98551C92AD6E00E47C86 /* zToolkit.app */ = {isa = PBXFileReference; explicitFileType = wrapper.application; includeInIndex = 0; path = zToolkit.app; sourceTree = BUILT_PRODUCTS_DIR; };
		46EB98591C92AD6E00E47C86 /* main.m */ = {isa = PBXFileReference; lastKnownFileType = sourcecode.c.objc; name = main.m; path = ../zToolkitDemo/main.m; sourceTree = "<group>"; };
		46EB985B1C92AD6E00E47C86 /* AppDelegate.h */ = {isa = PBXFileReference; lastKnownFileType = sourcecode.c.h; name = AppDelegate.h; path = ../zToolkitDemo/AppDelegate.h; sourceTree = "<group>"; };
		46EB985C1C92AD6E00E47C86 /* AppDelegate.m */ = {isa = PBXFileReference; lastKnownFileType = sourcecode.c.objc; name = AppDelegate.m; path = ../zToolkitDemo/AppDelegate.m; sourceTree = "<group>"; };
		46EB985E1C92AD6E00E47C86 /* ViewController.h */ = {isa = PBXFileReference; lastKnownFileType = sourcecode.c.h; name = ViewController.h; path = ../zToolkitDemo/ViewController.h; sourceTree = "<group>"; };
		46EB985F1C92AD6E00E47C86 /* ViewController.m */ = {isa = PBXFileReference; lastKnownFileType = sourcecode.c.objc; name = ViewController.m; path = ../zToolkitDemo/ViewController.m; sourceTree = "<group>"; };
		46EB98621C92AD6E00E47C86 /* Base */ = {isa = PBXFileReference; lastKnownFileType = file.storyboard; name = Base; path = Base.lproj/Main.storyboard; sourceTree = "<group>"; };
		46EB98641C92AD6E00E47C86 /* Assets.xcassets */ = {isa = PBXFileReference; lastKnownFileType = folder.assetcatalog; name = Assets.xcassets; path = ../zToolkitDemo/Assets.xcassets; sourceTree = "<group>"; };
		46EB98671C92AD6E00E47C86 /* Base */ = {isa = PBXFileReference; lastKnownFileType = file.storyboard; name = Base; path = Base.lproj/LaunchScreen.storyboard; sourceTree = "<group>"; };
		46EB98691C92AD6E00E47C86 /* Info.plist */ = {isa = PBXFileReference; lastKnownFileType = text.plist.xml; name = Info.plist; path = ../zToolkitDemo/Info.plist; sourceTree = "<group>"; };
		46EB986E1C92AD6E00E47C86 /* zToolkitTests.xctest */ = {isa = PBXFileReference; explicitFileType = wrapper.cfbundle; includeInIndex = 0; path = zToolkitTests.xctest; sourceTree = BUILT_PRODUCTS_DIR; };
		46EB98721C92AD6E00E47C86 /* zToolkitTests.m */ = {isa = PBXFileReference; lastKnownFileType = sourcecode.c.objc; path = zToolkitTests.m; sourceTree = "<group>"; };
		46EB98741C92AD6E00E47C86 /* Info.plist */ = {isa = PBXFileReference; lastKnownFileType = text.plist.xml; path = Info.plist; sourceTree = "<group>"; };
		46EB987F1C92AEAA00E47C86 /* NSDate+zToolkit.h */ = {isa = PBXFileReference; fileEncoding = 4; lastKnownFileType = sourcecode.c.h; name = "NSDate+zToolkit.h"; path = "zToolkit/Foundation/NSDate+zToolkit.h"; sourceTree = "<group>"; };
		46EB98801C92AEAA00E47C86 /* NSDate+zToolkit.m */ = {isa = PBXFileReference; fileEncoding = 4; lastKnownFileType = sourcecode.c.objc; name = "NSDate+zToolkit.m"; path = "zToolkit/Foundation/NSDate+zToolkit.m"; sourceTree = "<group>"; };
		46EB98821C92B39600E47C86 /* README.md */ = {isa = PBXFileReference; fileEncoding = 4; lastKnownFileType = net.daringfireball.markdown; path = README.md; sourceTree = "<group>"; };
		46EB98841C92B41000E47C86 /* zToolkit.podspec */ = {isa = PBXFileReference; fileEncoding = 4; lastKnownFileType = text; path = zToolkit.podspec; sourceTree = "<group>"; };
		46F9462F1C92BD6B00D78194 /* zToolkitNSDateTests.m */ = {isa = PBXFileReference; fileEncoding = 4; lastKnownFileType = sourcecode.c.objc; path = zToolkitNSDateTests.m; sourceTree = "<group>"; };
		46F946311C92BDA500D78194 /* Foundation.h */ = {isa = PBXFileReference; lastKnownFileType = sourcecode.c.h; name = Foundation.h; path = zToolkit/Foundation.h; sourceTree = "<group>"; };
/* End PBXFileReference section */

/* Begin PBXFrameworksBuildPhase section */
		46EB98521C92AD6E00E47C86 /* Frameworks */ = {
			isa = PBXFrameworksBuildPhase;
			buildActionMask = 2147483647;
			files = (
			);
			runOnlyForDeploymentPostprocessing = 0;
		};
		46EB986B1C92AD6E00E47C86 /* Frameworks */ = {
			isa = PBXFrameworksBuildPhase;
			buildActionMask = 2147483647;
			files = (
			);
			runOnlyForDeploymentPostprocessing = 0;
		};
/* End PBXFrameworksBuildPhase section */

/* Begin PBXGroup section */
		46EB984C1C92AD6E00E47C86 = {
			isa = PBXGroup;
			children = (
				46EB987D1C92AE6500E47C86 /* zToolkit */,
				46EB98571C92AD6E00E47C86 /* zToolkitDemo */,
				46EB98711C92AD6E00E47C86 /* zToolkitTests */,
				46EB98561C92AD6E00E47C86 /* Products */,
				46EB98821C92B39600E47C86 /* README.md */,
				46EB98841C92B41000E47C86 /* zToolkit.podspec */,
			);
			sourceTree = "<group>";
		};
		46EB98561C92AD6E00E47C86 /* Products */ = {
			isa = PBXGroup;
			children = (
				46EB98551C92AD6E00E47C86 /* zToolkit.app */,
				46EB986E1C92AD6E00E47C86 /* zToolkitTests.xctest */,
			);
			name = Products;
			sourceTree = "<group>";
		};
		46EB98571C92AD6E00E47C86 /* zToolkitDemo */ = {
			isa = PBXGroup;
			children = (
				46EB985B1C92AD6E00E47C86 /* AppDelegate.h */,
				46EB985C1C92AD6E00E47C86 /* AppDelegate.m */,
				46EB985E1C92AD6E00E47C86 /* ViewController.h */,
				46EB985F1C92AD6E00E47C86 /* ViewController.m */,
				46EB98611C92AD6E00E47C86 /* Main.storyboard */,
				46EB98641C92AD6E00E47C86 /* Assets.xcassets */,
				46EB98661C92AD6E00E47C86 /* LaunchScreen.storyboard */,
				46EB98691C92AD6E00E47C86 /* Info.plist */,
				46EB98581C92AD6E00E47C86 /* Supporting Files */,
			);
			name = zToolkitDemo;
			path = zToolkit;
			sourceTree = "<group>";
		};
		46EB98581C92AD6E00E47C86 /* Supporting Files */ = {
			isa = PBXGroup;
			children = (
				46EB98591C92AD6E00E47C86 /* main.m */,
			);
			name = "Supporting Files";
			sourceTree = "<group>";
		};
		46EB98711C92AD6E00E47C86 /* zToolkitTests */ = {
			isa = PBXGroup;
			children = (
				46EB98741C92AD6E00E47C86 /* Info.plist */,
				46EB98721C92AD6E00E47C86 /* zToolkitTests.m */,
				46F9462F1C92BD6B00D78194 /* zToolkitNSDateTests.m */,
			);
			path = zToolkitTests;
			sourceTree = "<group>";
		};
		46EB987D1C92AE6500E47C86 /* zToolkit */ = {
			isa = PBXGroup;
			children = (
				46F946311C92BDA500D78194 /* Foundation.h */,
				46EB987E1C92AE7B00E47C86 /* Foundation */,
			);
			name = zToolkit;
			sourceTree = "<group>";
		};
		46EB987E1C92AE7B00E47C86 /* Foundation */ = {
			isa = PBXGroup;
			children = (
				46EB987F1C92AEAA00E47C86 /* NSDate+zToolkit.h */,
				46EB98801C92AEAA00E47C86 /* NSDate+zToolkit.m */,
			);
			name = Foundation;
			sourceTree = "<group>";
		};
/* End PBXGroup section */

/* Begin PBXNativeTarget section */
		46EB98541C92AD6E00E47C86 /* zToolkit */ = {
			isa = PBXNativeTarget;
			buildConfigurationList = 46EB98771C92AD6E00E47C86 /* Build configuration list for PBXNativeTarget "zToolkit" */;
			buildPhases = (
				46EB98511C92AD6E00E47C86 /* Sources */,
				46EB98521C92AD6E00E47C86 /* Frameworks */,
				46EB98531C92AD6E00E47C86 /* Resources */,
			);
			buildRules = (
			);
			dependencies = (
			);
			name = zToolkit;
			productName = zToolkit;
			productReference = 46EB98551C92AD6E00E47C86 /* zToolkit.app */;
			productType = "com.apple.product-type.application";
		};
		46EB986D1C92AD6E00E47C86 /* zToolkitTests */ = {
			isa = PBXNativeTarget;
			buildConfigurationList = 46EB987A1C92AD6E00E47C86 /* Build configuration list for PBXNativeTarget "zToolkitTests" */;
			buildPhases = (
				46EB986A1C92AD6E00E47C86 /* Sources */,
				46EB986B1C92AD6E00E47C86 /* Frameworks */,
				46EB986C1C92AD6E00E47C86 /* Resources */,
			);
			buildRules = (
			);
			dependencies = (
				46EB98701C92AD6E00E47C86 /* PBXTargetDependency */,
			);
			name = zToolkitTests;
			productName = zToolkitTests;
			productReference = 46EB986E1C92AD6E00E47C86 /* zToolkitTests.xctest */;
			productType = "com.apple.product-type.bundle.unit-test";
		};
/* End PBXNativeTarget section */

/* Begin PBXProject section */
		46EB984D1C92AD6E00E47C86 /* Project object */ = {
			isa = PBXProject;
			attributes = {
				LastUpgradeCheck = 0720;
				ORGANIZATIONNAME = zhennan;
				TargetAttributes = {
					46EB98541C92AD6E00E47C86 = {
						CreatedOnToolsVersion = 7.2.1;
					};
					46EB986D1C92AD6E00E47C86 = {
						CreatedOnToolsVersion = 7.2.1;
						TestTargetID = 46EB98541C92AD6E00E47C86;
					};
				};
			};
			buildConfigurationList = 46EB98501C92AD6E00E47C86 /* Build configuration list for PBXProject "zToolkit" */;
			compatibilityVersion = "Xcode 3.2";
			developmentRegion = English;
			hasScannedForEncodings = 0;
			knownRegions = (
				en,
				Base,
			);
			mainGroup = 46EB984C1C92AD6E00E47C86;
			productRefGroup = 46EB98561C92AD6E00E47C86 /* Products */;
			projectDirPath = "";
			projectRoot = "";
			targets = (
				46EB98541C92AD6E00E47C86 /* zToolkit */,
				46EB986D1C92AD6E00E47C86 /* zToolkitTests */,
			);
		};
/* End PBXProject section */

/* Begin PBXResourcesBuildPhase section */
		46EB98531C92AD6E00E47C86 /* Resources */ = {
			isa = PBXResourcesBuildPhase;
			buildActionMask = 2147483647;
			files = (
				46EB98681C92AD6E00E47C86 /* LaunchScreen.storyboard in Resources */,
				46EB98651C92AD6E00E47C86 /* Assets.xcassets in Resources */,
				46EB98631C92AD6E00E47C86 /* Main.storyboard in Resources */,
			);
			runOnlyForDeploymentPostprocessing = 0;
		};
		46EB986C1C92AD6E00E47C86 /* Resources */ = {
			isa = PBXResourcesBuildPhase;
			buildActionMask = 2147483647;
			files = (
			);
			runOnlyForDeploymentPostprocessing = 0;
		};
/* End PBXResourcesBuildPhase section */

/* Begin PBXSourcesBuildPhase section */
		46EB98511C92AD6E00E47C86 /* Sources */ = {
			isa = PBXSourcesBuildPhase;
			buildActionMask = 2147483647;
			files = (
				46EB98601C92AD6E00E47C86 /* ViewController.m in Sources */,
				46EB985D1C92AD6E00E47C86 /* AppDelegate.m in Sources */,
				46EB98811C92AEAA00E47C86 /* NSDate+zToolkit.m in Sources */,
				46EB985A1C92AD6E00E47C86 /* main.m in Sources */,
			);
			runOnlyForDeploymentPostprocessing = 0;
		};
		46EB986A1C92AD6E00E47C86 /* Sources */ = {
			isa = PBXSourcesBuildPhase;
			buildActionMask = 2147483647;
			files = (
				46F946301C92BD6B00D78194 /* zToolkitNSDateTests.m in Sources */,
				46EB98731C92AD6E00E47C86 /* zToolkitTests.m in Sources */,
			);
			runOnlyForDeploymentPostprocessing = 0;
		};
/* End PBXSourcesBuildPhase section */

/* Begin PBXTargetDependency section */
		46EB98701C92AD6E00E47C86 /* PBXTargetDependency */ = {
			isa = PBXTargetDependency;
			target = 46EB98541C92AD6E00E47C86 /* zToolkit */;
			targetProxy = 46EB986F1C92AD6E00E47C86 /* PBXContainerItemProxy */;
		};
/* End PBXTargetDependency section */

/* Begin PBXVariantGroup section */
		46EB98611C92AD6E00E47C86 /* Main.storyboard */ = {
			isa = PBXVariantGroup;
			children = (
				46EB98621C92AD6E00E47C86 /* Base */,
			);
			name = Main.storyboard;
			path = ../zToolkitDemo;
			sourceTree = "<group>";
		};
		46EB98661C92AD6E00E47C86 /* LaunchScreen.storyboard */ = {
			isa = PBXVariantGroup;
			children = (
				46EB98671C92AD6E00E47C86 /* Base */,
			);
			name = LaunchScreen.storyboard;
			path = ../zToolkitDemo;
			sourceTree = "<group>";
		};
/* End PBXVariantGroup section */

/* Begin XCBuildConfiguration section */
		46EB98751C92AD6E00E47C86 /* Debug */ = {
			isa = XCBuildConfiguration;
			buildSettings = {
				ALWAYS_SEARCH_USER_PATHS = NO;
				CLANG_CXX_LANGUAGE_STANDARD = "gnu++0x";
				CLANG_CXX_LIBRARY = "libc++";
				CLANG_ENABLE_MODULES = YES;
				CLANG_ENABLE_OBJC_ARC = YES;
				CLANG_WARN_BOOL_CONVERSION = YES;
				CLANG_WARN_CONSTANT_CONVERSION = YES;
				CLANG_WARN_DIRECT_OBJC_ISA_USAGE = YES_ERROR;
				CLANG_WARN_EMPTY_BODY = YES;
				CLANG_WARN_ENUM_CONVERSION = YES;
				CLANG_WARN_INT_CONVERSION = YES;
				CLANG_WARN_OBJC_ROOT_CLASS = YES_ERROR;
				CLANG_WARN_UNREACHABLE_CODE = YES;
				CLANG_WARN__DUPLICATE_METHOD_MATCH = YES;
				"CODE_SIGN_IDENTITY[sdk=iphoneos*]" = "iPhone Developer";
				COPY_PHASE_STRIP = NO;
				DEBUG_INFORMATION_FORMAT = dwarf;
				ENABLE_STRICT_OBJC_MSGSEND = YES;
				ENABLE_TESTABILITY = YES;
				GCC_C_LANGUAGE_STANDARD = gnu99;
				GCC_DYNAMIC_NO_PIC = NO;
				GCC_NO_COMMON_BLOCKS = YES;
				GCC_OPTIMIZATION_LEVEL = 0;
				GCC_PREPROCESSOR_DEFINITIONS = (
					"DEBUG=1",
					"$(inherited)",
				);
				GCC_WARN_64_TO_32_BIT_CONVERSION = YES;
				GCC_WARN_ABOUT_RETURN_TYPE = YES_ERROR;
				GCC_WARN_UNDECLARED_SELECTOR = YES;
				GCC_WARN_UNINITIALIZED_AUTOS = YES_AGGRESSIVE;
				GCC_WARN_UNUSED_FUNCTION = YES;
				GCC_WARN_UNUSED_VARIABLE = YES;
				IPHONEOS_DEPLOYMENT_TARGET = 9.2;
				MTL_ENABLE_DEBUG_INFO = YES;
				ONLY_ACTIVE_ARCH = YES;
				SDKROOT = iphoneos;
				TARGETED_DEVICE_FAMILY = "1,2";
			};
			name = Debug;
		};
		46EB98761C92AD6E00E47C86 /* Release */ = {
			isa = XCBuildConfiguration;
			buildSettings = {
				ALWAYS_SEARCH_USER_PATHS = NO;
				CLANG_CXX_LANGUAGE_STANDARD = "gnu++0x";
				CLANG_CXX_LIBRARY = "libc++";
				CLANG_ENABLE_MODULES = YES;
				CLANG_ENABLE_OBJC_ARC = YES;
				CLANG_WARN_BOOL_CONVERSION = YES;
				CLANG_WARN_CONSTANT_CONVERSION = YES;
				CLANG_WARN_DIRECT_OBJC_ISA_USAGE = YES_ERROR;
				CLANG_WARN_EMPTY_BODY = YES;
				CLANG_WARN_ENUM_CONVERSION = YES;
				CLANG_WARN_INT_CONVERSION = YES;
				CLANG_WARN_OBJC_ROOT_CLASS = YES_ERROR;
				CLANG_WARN_UNREACHABLE_CODE = YES;
				CLANG_WARN__DUPLICATE_METHOD_MATCH = YES;
				"CODE_SIGN_IDENTITY[sdk=iphoneos*]" = "iPhone Developer";
				COPY_PHASE_STRIP = NO;
				DEBUG_INFORMATION_FORMAT = "dwarf-with-dsym";
				ENABLE_NS_ASSERTIONS = NO;
				ENABLE_STRICT_OBJC_MSGSEND = YES;
				GCC_C_LANGUAGE_STANDARD = gnu99;
				GCC_NO_COMMON_BLOCKS = YES;
				GCC_WARN_64_TO_32_BIT_CONVERSION = YES;
				GCC_WARN_ABOUT_RETURN_TYPE = YES_ERROR;
				GCC_WARN_UNDECLARED_SELECTOR = YES;
				GCC_WARN_UNINITIALIZED_AUTOS = YES_AGGRESSIVE;
				GCC_WARN_UNUSED_FUNCTION = YES;
				GCC_WARN_UNUSED_VARIABLE = YES;
				IPHONEOS_DEPLOYMENT_TARGET = 9.2;
				MTL_ENABLE_DEBUG_INFO = NO;
				SDKROOT = iphoneos;
				TARGETED_DEVICE_FAMILY = "1,2";
				VALIDATE_PRODUCT = YES;
			};
			name = Release;
		};
		46EB98781C92AD6E00E47C86 /* Debug */ = {
			isa = XCBuildConfiguration;
			buildSettings = {
				ASSETCATALOG_COMPILER_APPICON_NAME = AppIcon;
				INFOPLIST_FILE = zToolkitDemo/Info.plist;
				LD_RUNPATH_SEARCH_PATHS = "$(inherited) @executable_path/Frameworks";
				PRODUCT_BUNDLE_IDENTIFIER = me.zhennan.zToolkit;
				PRODUCT_NAME = "$(TARGET_NAME)";
			};
			name = Debug;
		};
		46EB98791C92AD6E00E47C86 /* Release */ = {
			isa = XCBuildConfiguration;
			buildSettings = {
				ASSETCATALOG_COMPILER_APPICON_NAME = AppIcon;
				INFOPLIST_FILE = zToolkitDemo/Info.plist;
				LD_RUNPATH_SEARCH_PATHS = "$(inherited) @executable_path/Frameworks";
				PRODUCT_BUNDLE_IDENTIFIER = me.zhennan.zToolkit;
				PRODUCT_NAME = "$(TARGET_NAME)";
			};
			name = Release;
		};
		46EB987B1C92AD6E00E47C86 /* Debug */ = {
			isa = XCBuildConfiguration;
			buildSettings = {
				BUNDLE_LOADER = "$(TEST_HOST)";
				INFOPLIST_FILE = zToolkitTests/Info.plist;
				LD_RUNPATH_SEARCH_PATHS = "$(inherited) @executable_path/Frameworks @loader_path/Frameworks";
				PRODUCT_BUNDLE_IDENTIFIER = me.zhennan.zToolkitTests;
				PRODUCT_NAME = "$(TARGET_NAME)";
				TEST_HOST = "$(BUILT_PRODUCTS_DIR)/zToolkit.app/zToolkit";
			};
			name = Debug;
		};
		46EB987C1C92AD6E00E47C86 /* Release */ = {
			isa = XCBuildConfiguration;
			buildSettings = {
				BUNDLE_LOADER = "$(TEST_HOST)";
				INFOPLIST_FILE = zToolkitTests/Info.plist;
				LD_RUNPATH_SEARCH_PATHS = "$(inherited) @executable_path/Frameworks @loader_path/Frameworks";
				PRODUCT_BUNDLE_IDENTIFIER = me.zhennan.zToolkitTests;
				PRODUCT_NAME = "$(TARGET_NAME)";
				TEST_HOST = "$(BUILT_PRODUCTS_DIR)/zToolkit.app/zToolkit";
			};
			name = Release;
		};
/* End XCBuildConfiguration section */

/* Begin XCConfigurationList section */
		46EB98501C92AD6E00E47C86 /* Build configuration list for PBXProject "zToolkit" */ = {
			isa = XCConfigurationList;
			buildConfigurations = (
				46EB98751C92AD6E00E47C86 /* Debug */,
				46EB98761C92AD6E00E47C86 /* Release */,
			);
			defaultConfigurationIsVisible = 0;
			defaultConfigurationName = Release;
		};
		46EB98771C92AD6E00E47C86 /* Build configuration list for PBXNativeTarget "zToolkit" */ = {
			isa = XCConfigurationList;
			buildConfigurations = (
				46EB98781C92AD6E00E47C86 /* Debug */,
				46EB98791C92AD6E00E47C86 /* Release */,
			);
			defaultConfigurationIsVisible = 0;
			defaultConfigurationName = Release;
		};
		46EB987A1C92AD6E00E47C86 /* Build configuration list for PBXNativeTarget "zToolkitTests" */ = {
			isa = XCConfigurationList;
			buildConfigurations = (
				46EB987B1C92AD6E00E47C86 /* Debug */,
				46EB987C1C92AD6E00E47C86 /* Release */,
			);
			defaultConfigurationIsVisible = 0;
			defaultConfigurationName = Release;
		};
/* End XCConfigurationList section */
	};
	rootObject = 46EB984D1C92AD6E00E47C86 /* Project object */;
}
